github.com/Hari-Kiri/goalApplicationSettingsLoader v0.1.0 h1:BvJIwxjVFr79QVxhk4EI9Z+2IdlVtrfg6D9QpMrDwWQ=
github.com/Hari-Kiri/goalApplicationSettingsLoader v0.1.0/go.mod h1:Sc7yrkmrv3hVE3D95IG5Ejo0ksJPXs+dHK9hwB4DeCs=
github.com/go-sql-driver/mysql v1.6.0 h1:BCTh4TKNUYmOmMUcQ3IipzF5prigylS7XXjEkfCHuOE=
github.com/go-sql-driver/mysql v1.6.0/go.mod h1:DCzpHaOWr8IXmIStZouvnhqoel9Qv2LBy8hT2VhHyBg=
